// !$*UTF8*$!
{
	archiveVersion = 1;
	classes = {
	};
	objectVersion = 56;
	objects = {

/* Begin PBXBuildFile section */
		636564382AC308F90038CD29 /* TypeButtonView.swift in Sources */ = {isa = PBXBuildFile; fileRef = 636564372AC308F90038CD29 /* TypeButtonView.swift */; };
		6365643A2AC30BE20038CD29 /* MapView.swift in Sources */ = {isa = PBXBuildFile; fileRef = 636564392AC30BE20038CD29 /* MapView.swift */; };
		C375D5FA2ABC666A00343F6A /* AverageRateView.swift in Sources */ = {isa = PBXBuildFile; fileRef = C375D5F92ABC666A00343F6A /* AverageRateView.swift */; };
		C375D5FC2ABC6DF200343F6A /* ModalView.swift in Sources */ = {isa = PBXBuildFile; fileRef = C375D5FB2ABC6DF200343F6A /* ModalView.swift */; };
		C375D5FE2ABC766600343F6A /* SliderModalView.swift in Sources */ = {isa = PBXBuildFile; fileRef = C375D5FD2ABC766600343F6A /* SliderModalView.swift */; };
		C375D6002ABC7BA900343F6A /* FavoritesView.swift in Sources */ = {isa = PBXBuildFile; fileRef = C375D5FF2ABC7BA900343F6A /* FavoritesView.swift */; };
		C375D62B2ABDD91300343F6A /* TabViewScreen.swift in Sources */ = {isa = PBXBuildFile; fileRef = C375D62A2ABDD91300343F6A /* TabViewScreen.swift */; };
		C375D6A32AC2D10100343F6A /* CriteresView.swift in Sources */ = {isa = PBXBuildFile; fileRef = C375D6A22AC2D10100343F6A /* CriteresView.swift */; };
		C375D6A52AC2D1EA00343F6A /* CommentView.swift in Sources */ = {isa = PBXBuildFile; fileRef = C375D6A42AC2D1EA00343F6A /* CommentView.swift */; };
		C375D6A72AC2D2AB00343F6A /* FavoriteButtonView.swift in Sources */ = {isa = PBXBuildFile; fileRef = C375D6A62AC2D2AB00343F6A /* FavoriteButtonView.swift */; };
		C3A7427F2AC2EE6600A490CC /* FakeComment.swift in Sources */ = {isa = PBXBuildFile; fileRef = C3A7427E2AC2EE6600A490CC /* FakeComment.swift */; };
		C3A7429B2AC2FDF500A490CC /* NotificationView.swift in Sources */ = {isa = PBXBuildFile; fileRef = C3A7429A2AC2FDF500A490CC /* NotificationView.swift */; };
		C3A7429F2AC3285C00A490CC /* SettingsView.swift in Sources */ = {isa = PBXBuildFile; fileRef = C3A7429C2AC3285C00A490CC /* SettingsView.swift */; };
		C3A742A02AC3285C00A490CC /* AboutUsView.swift in Sources */ = {isa = PBXBuildFile; fileRef = C3A7429D2AC3285C00A490CC /* AboutUsView.swift */; };
		C3A742A12AC3285C00A490CC /* ProContactView.swift in Sources */ = {isa = PBXBuildFile; fileRef = C3A7429E2AC3285C00A490CC /* ProContactView.swift */; };
		C3A742A32AC40E0400A490CC /* AverageRateView2.swift in Sources */ = {isa = PBXBuildFile; fileRef = C3A742A22AC40E0400A490CC /* AverageRateView2.swift */; };
		C3A742CA2AC4473700A490CC /* AccountView.swift in Sources */ = {isa = PBXBuildFile; fileRef = C3A742C92AC4473700A490CC /* AccountView.swift */; };
		C3A742CC2AC4537900A490CC /* ProRegistrationForm.swift in Sources */ = {isa = PBXBuildFile; fileRef = C3A742CB2AC4537900A490CC /* ProRegistrationForm.swift */; };
		C3A742D12AC45C8000A490CC /* TabShape.swift in Sources */ = {isa = PBXBuildFile; fileRef = C3A742CD2AC45C8000A490CC /* TabShape.swift */; };
		C3A742D22AC45C8000A490CC /* TabPosition.swift in Sources */ = {isa = PBXBuildFile; fileRef = C3A742CE2AC45C8000A490CC /* TabPosition.swift */; };
		C3A742D32AC45C8000A490CC /* Tab.swift in Sources */ = {isa = PBXBuildFile; fileRef = C3A742CF2AC45C8000A490CC /* Tab.swift */; };
		C3A742D42AC45C8000A490CC /* TabBarView.swift in Sources */ = {isa = PBXBuildFile; fileRef = C3A742D02AC45C8000A490CC /* TabBarView.swift */; };
		C3C119E72AB98DAC0061CC11 /* MG_VraisponsableApp.swift in Sources */ = {isa = PBXBuildFile; fileRef = C3C119E62AB98DAC0061CC11 /* MG_VraisponsableApp.swift */; };
		C3C119E92AB98DAC0061CC11 /* ContentView.swift in Sources */ = {isa = PBXBuildFile; fileRef = C3C119E82AB98DAC0061CC11 /* ContentView.swift */; };
		C3C119EB2AB98DAE0061CC11 /* Assets.xcassets in Resources */ = {isa = PBXBuildFile; fileRef = C3C119EA2AB98DAE0061CC11 /* Assets.xcassets */; };
		C3C119EE2AB98DAE0061CC11 /* Preview Assets.xcassets in Resources */ = {isa = PBXBuildFile; fileRef = C3C119ED2AB98DAE0061CC11 /* Preview Assets.xcassets */; };
		C3C119F82AB98E1A0061CC11 /* Database.swift in Sources */ = {isa = PBXBuildFile; fileRef = C3C119F72AB98E1A0061CC11 /* Database.swift */; };
		C3C119FB2AB98E430061CC11 /* UserRateView.swift in Sources */ = {isa = PBXBuildFile; fileRef = C3C119FA2AB98E430061CC11 /* UserRateView.swift */; };
		C3C11A002AB9BC640061CC11 /* PlacesDetailsView.swift in Sources */ = {isa = PBXBuildFile; fileRef = C3C119FF2AB9BC640061CC11 /* PlacesDetailsView.swift */; };
		C3C11A022ABAE6100061CC11 /* ImageSliderView.swift in Sources */ = {isa = PBXBuildFile; fileRef = C3C11A012ABAE6100061CC11 /* ImageSliderView.swift */; };
		C3C11A062ABAF2240061CC11 /* SocialsButtons.swift in Sources */ = {isa = PBXBuildFile; fileRef = C3C11A052ABAF2240061CC11 /* SocialsButtons.swift */; };
		C3DE75E02AC5784C0032114E /* Models.swift in Sources */ = {isa = PBXBuildFile; fileRef = C3DE75DF2AC5784C0032114E /* Models.swift */; };
		C3DE75E22AC5A1D60032114E /* LaunchView.swift in Sources */ = {isa = PBXBuildFile; fileRef = C3DE75E12AC5A1D60032114E /* LaunchView.swift */; };
		C3DE75E42AC5A2EC0032114E /* Launch Screen.storyboard in Resources */ = {isa = PBXBuildFile; fileRef = C3DE75E32AC5A2EC0032114E /* Launch Screen.storyboard */; };
/* End PBXBuildFile section */

/* Begin PBXCopyFilesBuildPhase section */
		C375D63D2AC170DA00343F6A /* Embed Foundation Extensions */ = {
			isa = PBXCopyFilesBuildPhase;
			buildActionMask = 2147483647;
			dstPath = "";
			dstSubfolderSpec = 13;
			files = (
			);
			name = "Embed Foundation Extensions";
			runOnlyForDeploymentPostprocessing = 0;
		};
/* End PBXCopyFilesBuildPhase section */

/* Begin PBXFileReference section */
		636564372AC308F90038CD29 /* TypeButtonView.swift */ = {isa = PBXFileReference; fileEncoding = 4; lastKnownFileType = sourcecode.swift; path = TypeButtonView.swift; sourceTree = "<group>"; };
		636564392AC30BE20038CD29 /* MapView.swift */ = {isa = PBXFileReference; fileEncoding = 4; lastKnownFileType = sourcecode.swift; path = MapView.swift; sourceTree = "<group>"; };
		C375D5F92ABC666A00343F6A /* AverageRateView.swift */ = {isa = PBXFileReference; lastKnownFileType = sourcecode.swift; path = AverageRateView.swift; sourceTree = "<group>"; };
		C375D5FB2ABC6DF200343F6A /* ModalView.swift */ = {isa = PBXFileReference; lastKnownFileType = sourcecode.swift; path = ModalView.swift; sourceTree = "<group>"; };
		C375D5FD2ABC766600343F6A /* SliderModalView.swift */ = {isa = PBXFileReference; lastKnownFileType = sourcecode.swift; path = SliderModalView.swift; sourceTree = "<group>"; };
		C375D5FF2ABC7BA900343F6A /* FavoritesView.swift */ = {isa = PBXFileReference; lastKnownFileType = sourcecode.swift; path = FavoritesView.swift; sourceTree = "<group>"; };
		C375D62A2ABDD91300343F6A /* TabViewScreen.swift */ = {isa = PBXFileReference; fileEncoding = 4; lastKnownFileType = sourcecode.swift; path = TabViewScreen.swift; sourceTree = "<group>"; };
		C375D6562AC1713F00343F6A /* UniformTypeIdentifiers.framework */ = {isa = PBXFileReference; lastKnownFileType = wrapper.framework; name = UniformTypeIdentifiers.framework; path = System/Library/Frameworks/UniformTypeIdentifiers.framework; sourceTree = SDKROOT; };
		C375D67E2AC1714F00343F6A /* UserNotifications.framework */ = {isa = PBXFileReference; lastKnownFileType = wrapper.framework; name = UserNotifications.framework; path = System/Library/Frameworks/UserNotifications.framework; sourceTree = SDKROOT; };
		C375D6802AC1714F00343F6A /* UserNotificationsUI.framework */ = {isa = PBXFileReference; lastKnownFileType = wrapper.framework; name = UserNotificationsUI.framework; path = System/Library/Frameworks/UserNotificationsUI.framework; sourceTree = SDKROOT; };
		C375D6A22AC2D10100343F6A /* CriteresView.swift */ = {isa = PBXFileReference; lastKnownFileType = sourcecode.swift; path = CriteresView.swift; sourceTree = "<group>"; };
		C375D6A42AC2D1EA00343F6A /* CommentView.swift */ = {isa = PBXFileReference; lastKnownFileType = sourcecode.swift; path = CommentView.swift; sourceTree = "<group>"; };
		C375D6A62AC2D2AB00343F6A /* FavoriteButtonView.swift */ = {isa = PBXFileReference; lastKnownFileType = sourcecode.swift; path = FavoriteButtonView.swift; sourceTree = "<group>"; };
		C3A7427E2AC2EE6600A490CC /* FakeComment.swift */ = {isa = PBXFileReference; lastKnownFileType = sourcecode.swift; path = FakeComment.swift; sourceTree = "<group>"; };
		C3A7429A2AC2FDF500A490CC /* NotificationView.swift */ = {isa = PBXFileReference; lastKnownFileType = sourcecode.swift; path = NotificationView.swift; sourceTree = "<group>"; };
		C3A7429C2AC3285C00A490CC /* SettingsView.swift */ = {isa = PBXFileReference; fileEncoding = 4; lastKnownFileType = sourcecode.swift; path = SettingsView.swift; sourceTree = "<group>"; };
		C3A7429D2AC3285C00A490CC /* AboutUsView.swift */ = {isa = PBXFileReference; fileEncoding = 4; lastKnownFileType = sourcecode.swift; path = AboutUsView.swift; sourceTree = "<group>"; };
		C3A7429E2AC3285C00A490CC /* ProContactView.swift */ = {isa = PBXFileReference; fileEncoding = 4; lastKnownFileType = sourcecode.swift; path = ProContactView.swift; sourceTree = "<group>"; };
		C3A742A22AC40E0400A490CC /* AverageRateView2.swift */ = {isa = PBXFileReference; lastKnownFileType = sourcecode.swift; path = AverageRateView2.swift; sourceTree = "<group>"; };
		C3A742C92AC4473700A490CC /* AccountView.swift */ = {isa = PBXFileReference; fileEncoding = 4; lastKnownFileType = sourcecode.swift; path = AccountView.swift; sourceTree = "<group>"; };
		C3A742CB2AC4537900A490CC /* ProRegistrationForm.swift */ = {isa = PBXFileReference; lastKnownFileType = sourcecode.swift; path = ProRegistrationForm.swift; sourceTree = "<group>"; };
		C3A742CD2AC45C8000A490CC /* TabShape.swift */ = {isa = PBXFileReference; fileEncoding = 4; lastKnownFileType = sourcecode.swift; path = TabShape.swift; sourceTree = "<group>"; };
		C3A742CE2AC45C8000A490CC /* TabPosition.swift */ = {isa = PBXFileReference; fileEncoding = 4; lastKnownFileType = sourcecode.swift; path = TabPosition.swift; sourceTree = "<group>"; };
		C3A742CF2AC45C8000A490CC /* Tab.swift */ = {isa = PBXFileReference; fileEncoding = 4; lastKnownFileType = sourcecode.swift; path = Tab.swift; sourceTree = "<group>"; };
		C3A742D02AC45C8000A490CC /* TabBarView.swift */ = {isa = PBXFileReference; fileEncoding = 4; lastKnownFileType = sourcecode.swift; path = TabBarView.swift; sourceTree = "<group>"; };
		C3C119E32AB98DAC0061CC11 /* MG_Vraisponsable.app */ = {isa = PBXFileReference; explicitFileType = wrapper.application; includeInIndex = 0; path = MG_Vraisponsable.app; sourceTree = BUILT_PRODUCTS_DIR; };
		C3C119E62AB98DAC0061CC11 /* MG_VraisponsableApp.swift */ = {isa = PBXFileReference; lastKnownFileType = sourcecode.swift; path = MG_VraisponsableApp.swift; sourceTree = "<group>"; };
		C3C119E82AB98DAC0061CC11 /* ContentView.swift */ = {isa = PBXFileReference; lastKnownFileType = sourcecode.swift; path = ContentView.swift; sourceTree = "<group>"; };
		C3C119EA2AB98DAE0061CC11 /* Assets.xcassets */ = {isa = PBXFileReference; lastKnownFileType = folder.assetcatalog; path = Assets.xcassets; sourceTree = "<group>"; };
		C3C119ED2AB98DAE0061CC11 /* Preview Assets.xcassets */ = {isa = PBXFileReference; lastKnownFileType = folder.assetcatalog; path = "Preview Assets.xcassets"; sourceTree = "<group>"; };
		C3C119F72AB98E1A0061CC11 /* Database.swift */ = {isa = PBXFileReference; lastKnownFileType = sourcecode.swift; path = Database.swift; sourceTree = "<group>"; };
		C3C119FA2AB98E430061CC11 /* UserRateView.swift */ = {isa = PBXFileReference; lastKnownFileType = sourcecode.swift; path = UserRateView.swift; sourceTree = "<group>"; };
		C3C119FF2AB9BC640061CC11 /* PlacesDetailsView.swift */ = {isa = PBXFileReference; lastKnownFileType = sourcecode.swift; path = PlacesDetailsView.swift; sourceTree = "<group>"; };
		C3C11A012ABAE6100061CC11 /* ImageSliderView.swift */ = {isa = PBXFileReference; lastKnownFileType = sourcecode.swift; path = ImageSliderView.swift; sourceTree = "<group>"; };
		C3C11A052ABAF2240061CC11 /* SocialsButtons.swift */ = {isa = PBXFileReference; lastKnownFileType = sourcecode.swift; path = SocialsButtons.swift; sourceTree = "<group>"; };
		C3DE75DF2AC5784C0032114E /* Models.swift */ = {isa = PBXFileReference; fileEncoding = 4; lastKnownFileType = sourcecode.swift; name = Models.swift; path = MG_Vraisponsable/Data/Models.swift; sourceTree = SOURCE_ROOT; };
		C3DE75E12AC5A1D60032114E /* LaunchView.swift */ = {isa = PBXFileReference; lastKnownFileType = sourcecode.swift; path = LaunchView.swift; sourceTree = "<group>"; };
		C3DE75E32AC5A2EC0032114E /* Launch Screen.storyboard */ = {isa = PBXFileReference; lastKnownFileType = file.storyboard; path = "Launch Screen.storyboard"; sourceTree = "<group>"; };
/* End PBXFileReference section */

/* Begin PBXFrameworksBuildPhase section */
		C3C119E02AB98DAC0061CC11 /* Frameworks */ = {
			isa = PBXFrameworksBuildPhase;
			buildActionMask = 2147483647;
			files = (
			);
			runOnlyForDeploymentPostprocessing = 0;
		};
/* End PBXFrameworksBuildPhase section */

/* Begin PBXGroup section */
		C3697A182AC47A80004FDA63 /* PlacesDetailsExtractedViews */ = {
			isa = PBXGroup;
			children = (
				C3C119FF2AB9BC640061CC11 /* PlacesDetailsView.swift */,
				C375D6A22AC2D10100343F6A /* CriteresView.swift */,
				C375D6A62AC2D2AB00343F6A /* FavoriteButtonView.swift */,
				C3C11A012ABAE6100061CC11 /* ImageSliderView.swift */,
			);
			name = PlacesDetailsExtractedViews;
			sourceTree = "<group>";
		};
		C375D6552AC1713F00343F6A /* Frameworks */ = {
			isa = PBXGroup;
			children = (
				C375D6562AC1713F00343F6A /* UniformTypeIdentifiers.framework */,
				C375D67E2AC1714F00343F6A /* UserNotifications.framework */,
				C375D6802AC1714F00343F6A /* UserNotificationsUI.framework */,
			);
			name = Frameworks;
			sourceTree = "<group>";
		};
		C3A742D52AC45C8E00A490CC /* unused-tabYannis */ = {
			isa = PBXGroup;
			children = (
				C3A742CF2AC45C8000A490CC /* Tab.swift */,
				C3A742D02AC45C8000A490CC /* TabBarView.swift */,
				C3A742CE2AC45C8000A490CC /* TabPosition.swift */,
				C3A742CD2AC45C8000A490CC /* TabShape.swift */,
			);
			name = "unused-tabYannis";
			sourceTree = "<group>";
		};
		C3A742D62AC46A6100A490CC /* Comment */ = {
			isa = PBXGroup;
			children = (
				C375D6A42AC2D1EA00343F6A /* CommentView.swift */,
				C3A7427E2AC2EE6600A490CC /* FakeComment.swift */,
			);
			name = Comment;
			sourceTree = "<group>";
		};
		C3A742D72AC46A7700A490CC /* Rate */ = {
			isa = PBXGroup;
			children = (
				C3C119FA2AB98E430061CC11 /* UserRateView.swift */,
				C375D5F92ABC666A00343F6A /* AverageRateView.swift */,
				C3A742A22AC40E0400A490CC /* AverageRateView2.swift */,
			);
			name = Rate;
			sourceTree = "<group>";
		};
		C3A742D82AC46AF500A490CC /* Settings Children */ = {
			isa = PBXGroup;
			children = (
				C3A7429D2AC3285C00A490CC /* AboutUsView.swift */,
				C3A7429E2AC3285C00A490CC /* ProContactView.swift */,
				C3A742CB2AC4537900A490CC /* ProRegistrationForm.swift */,
			);
			name = "Settings Children";
			sourceTree = "<group>";
		};
		C3C119DA2AB98DAC0061CC11 = {
			isa = PBXGroup;
			children = (
				C3DE75E32AC5A2EC0032114E /* Launch Screen.storyboard */,
				C3C119E52AB98DAC0061CC11 /* MG_Vraisponsable */,
				C375D6552AC1713F00343F6A /* Frameworks */,
				C3C119E42AB98DAC0061CC11 /* Products */,
			);
			sourceTree = "<group>";
		};
		C3C119E42AB98DAC0061CC11 /* Products */ = {
			isa = PBXGroup;
			children = (
				C3C119E32AB98DAC0061CC11 /* MG_Vraisponsable.app */,
			);
			name = Products;
			sourceTree = "<group>";
		};
		C3C119E52AB98DAC0061CC11 /* MG_Vraisponsable */ = {
			isa = PBXGroup;
			children = (
				C3C119FE2AB9BC400061CC11 /* Views */,
				C3C119F92AB98E200061CC11 /* Extracted View */,
				C3C119F42AB98DF40061CC11 /* Data */,
				C3C119E62AB98DAC0061CC11 /* MG_VraisponsableApp.swift */,
				C3C119E82AB98DAC0061CC11 /* ContentView.swift */,
				C3C119EA2AB98DAE0061CC11 /* Assets.xcassets */,
				C3C119EC2AB98DAE0061CC11 /* Preview Content */,
			);
			path = MG_Vraisponsable;
			sourceTree = "<group>";
		};
		C3C119EC2AB98DAE0061CC11 /* Preview Content */ = {
			isa = PBXGroup;
			children = (
				C3C119ED2AB98DAE0061CC11 /* Preview Assets.xcassets */,
			);
			path = "Preview Content";
			sourceTree = "<group>";
		};
		C3C119F42AB98DF40061CC11 /* Data */ = {
			isa = PBXGroup;
			children = (
				C3DE75DF2AC5784C0032114E /* Models.swift */,
				C3C119F72AB98E1A0061CC11 /* Database.swift */,
			);
			path = Data;
			sourceTree = "<group>";
		};
		C3C119F92AB98E200061CC11 /* Extracted View */ = {
			isa = PBXGroup;
			children = (
				C3697A182AC47A80004FDA63 /* PlacesDetailsExtractedViews */,
				C3A742D82AC46AF500A490CC /* Settings Children */,
				C3A742D72AC46A7700A490CC /* Rate */,
				C3A742D62AC46A6100A490CC /* Comment */,
				636564372AC308F90038CD29 /* TypeButtonView.swift */,
				C375D5FD2ABC766600343F6A /* SliderModalView.swift */,
				C3C11A052ABAF2240061CC11 /* SocialsButtons.swift */,
				C375D62A2ABDD91300343F6A /* TabViewScreen.swift */,
				C3A742D52AC45C8E00A490CC /* unused-tabYannis */,
			);
			path = "Extracted View";
			sourceTree = "<group>";
		};
		C3C119FE2AB9BC400061CC11 /* Views */ = {
			isa = PBXGroup;
			children = (
				C3DE75E12AC5A1D60032114E /* LaunchView.swift */,
				C375D5FB2ABC6DF200343F6A /* ModalView.swift */,
				636564392AC30BE20038CD29 /* MapView.swift */,
				C375D5FF2ABC7BA900343F6A /* FavoritesView.swift */,
				C3A7429C2AC3285C00A490CC /* SettingsView.swift */,
				C3A7429A2AC2FDF500A490CC /* NotificationView.swift */,
				C3A742C92AC4473700A490CC /* AccountView.swift */,
			);
			path = Views;
			sourceTree = "<group>";
		};
/* End PBXGroup section */

/* Begin PBXNativeTarget section */
		C3C119E22AB98DAC0061CC11 /* MG_Vraisponsable */ = {
			isa = PBXNativeTarget;
			buildConfigurationList = C3C119F12AB98DAE0061CC11 /* Build configuration list for PBXNativeTarget "MG_Vraisponsable" */;
			buildPhases = (
				C3C119DF2AB98DAC0061CC11 /* Sources */,
				C3C119E02AB98DAC0061CC11 /* Frameworks */,
				C3C119E12AB98DAC0061CC11 /* Resources */,
				C375D63D2AC170DA00343F6A /* Embed Foundation Extensions */,
			);
			buildRules = (
			);
			dependencies = (
			);
			name = MG_Vraisponsable;
			productName = MG_Vraisponsable;
			productReference = C3C119E32AB98DAC0061CC11 /* MG_Vraisponsable.app */;
			productType = "com.apple.product-type.application";
		};
/* End PBXNativeTarget section */

/* Begin PBXProject section */
		C3C119DB2AB98DAC0061CC11 /* Project object */ = {
			isa = PBXProject;
			attributes = {
				BuildIndependentTargetsInParallel = 1;
				LastSwiftUpdateCheck = 1430;
				LastUpgradeCheck = 1430;
				TargetAttributes = {
					C3C119E22AB98DAC0061CC11 = {
						CreatedOnToolsVersion = 14.3.1;
					};
				};
			};
			buildConfigurationList = C3C119DE2AB98DAC0061CC11 /* Build configuration list for PBXProject "MG_Vraisponsable" */;
			compatibilityVersion = "Xcode 14.0";
			developmentRegion = en;
			hasScannedForEncodings = 0;
			knownRegions = (
				en,
				Base,
			);
			mainGroup = C3C119DA2AB98DAC0061CC11;
			productRefGroup = C3C119E42AB98DAC0061CC11 /* Products */;
			projectDirPath = "";
			projectRoot = "";
			targets = (
				C3C119E22AB98DAC0061CC11 /* MG_Vraisponsable */,
			);
		};
/* End PBXProject section */

/* Begin PBXResourcesBuildPhase section */
		C3C119E12AB98DAC0061CC11 /* Resources */ = {
			isa = PBXResourcesBuildPhase;
			buildActionMask = 2147483647;
			files = (
				C3DE75E42AC5A2EC0032114E /* Launch Screen.storyboard in Resources */,
				C3C119EE2AB98DAE0061CC11 /* Preview Assets.xcassets in Resources */,
				C3C119EB2AB98DAE0061CC11 /* Assets.xcassets in Resources */,
			);
			runOnlyForDeploymentPostprocessing = 0;
		};
/* End PBXResourcesBuildPhase section */

/* Begin PBXSourcesBuildPhase section */
		C3C119DF2AB98DAC0061CC11 /* Sources */ = {
			isa = PBXSourcesBuildPhase;
			buildActionMask = 2147483647;
			files = (
				C3A742D22AC45C8000A490CC /* TabPosition.swift in Sources */,
				C375D6A52AC2D1EA00343F6A /* CommentView.swift in Sources */,
				C375D5FC2ABC6DF200343F6A /* ModalView.swift in Sources */,
				C3A7429F2AC3285C00A490CC /* SettingsView.swift in Sources */,
				C3A7429B2AC2FDF500A490CC /* NotificationView.swift in Sources */,
				C3A742CC2AC4537900A490CC /* ProRegistrationForm.swift in Sources */,
				C3DE75E22AC5A1D60032114E /* LaunchView.swift in Sources */,
				636564382AC308F90038CD29 /* TypeButtonView.swift in Sources */,
				C3A742A32AC40E0400A490CC /* AverageRateView2.swift in Sources */,
				C3A7427F2AC2EE6600A490CC /* FakeComment.swift in Sources */,
				C3DE75E02AC5784C0032114E /* Models.swift in Sources */,
				C3A742A12AC3285C00A490CC /* ProContactView.swift in Sources */,
				C3C11A022ABAE6100061CC11 /* ImageSliderView.swift in Sources */,
				6365643A2AC30BE20038CD29 /* MapView.swift in Sources */,
				C375D5FA2ABC666A00343F6A /* AverageRateView.swift in Sources */,
				C3C11A062ABAF2240061CC11 /* SocialsButtons.swift in Sources */,
				C3C119E92AB98DAC0061CC11 /* ContentView.swift in Sources */,
				C3A742D32AC45C8000A490CC /* Tab.swift in Sources */,
				C3C119F82AB98E1A0061CC11 /* Database.swift in Sources */,
				C3C11A002AB9BC640061CC11 /* PlacesDetailsView.swift in Sources */,
				C375D5FE2ABC766600343F6A /* SliderModalView.swift in Sources */,
				C3C119E72AB98DAC0061CC11 /* MG_VraisponsableApp.swift in Sources */,
				C375D6002ABC7BA900343F6A /* FavoritesView.swift in Sources */,
				C3A742A02AC3285C00A490CC /* AboutUsView.swift in Sources */,
				C3A742D12AC45C8000A490CC /* TabShape.swift in Sources */,
				C375D6A32AC2D10100343F6A /* CriteresView.swift in Sources */,
				C375D62B2ABDD91300343F6A /* TabViewScreen.swift in Sources */,
				C375D6A72AC2D2AB00343F6A /* FavoriteButtonView.swift in Sources */,
				C3A742CA2AC4473700A490CC /* AccountView.swift in Sources */,
				C3A742D42AC45C8000A490CC /* TabBarView.swift in Sources */,
				C3C119FB2AB98E430061CC11 /* UserRateView.swift in Sources */,
			);
			runOnlyForDeploymentPostprocessing = 0;
		};
/* End PBXSourcesBuildPhase section */

/* Begin XCBuildConfiguration section */
		C3C119EF2AB98DAE0061CC11 /* Debug */ = {
			isa = XCBuildConfiguration;
			buildSettings = {
				ALWAYS_SEARCH_USER_PATHS = NO;
				CLANG_ANALYZER_NONNULL = YES;
				CLANG_ANALYZER_NUMBER_OBJECT_CONVERSION = YES_AGGRESSIVE;
				CLANG_CXX_LANGUAGE_STANDARD = "gnu++20";
				CLANG_ENABLE_MODULES = YES;
				CLANG_ENABLE_OBJC_ARC = YES;
				CLANG_ENABLE_OBJC_WEAK = YES;
				CLANG_WARN_BLOCK_CAPTURE_AUTORELEASING = YES;
				CLANG_WARN_BOOL_CONVERSION = YES;
				CLANG_WARN_COMMA = YES;
				CLANG_WARN_CONSTANT_CONVERSION = YES;
				CLANG_WARN_DEPRECATED_OBJC_IMPLEMENTATIONS = YES;
				CLANG_WARN_DIRECT_OBJC_ISA_USAGE = YES_ERROR;
				CLANG_WARN_DOCUMENTATION_COMMENTS = YES;
				CLANG_WARN_EMPTY_BODY = YES;
				CLANG_WARN_ENUM_CONVERSION = YES;
				CLANG_WARN_INFINITE_RECURSION = YES;
				CLANG_WARN_INT_CONVERSION = YES;
				CLANG_WARN_NON_LITERAL_NULL_CONVERSION = YES;
				CLANG_WARN_OBJC_IMPLICIT_RETAIN_SELF = YES;
				CLANG_WARN_OBJC_LITERAL_CONVERSION = YES;
				CLANG_WARN_OBJC_ROOT_CLASS = YES_ERROR;
				CLANG_WARN_QUOTED_INCLUDE_IN_FRAMEWORK_HEADER = YES;
				CLANG_WARN_RANGE_LOOP_ANALYSIS = YES;
				CLANG_WARN_STRICT_PROTOTYPES = YES;
				CLANG_WARN_SUSPICIOUS_MOVE = YES;
				CLANG_WARN_UNGUARDED_AVAILABILITY = YES_AGGRESSIVE;
				CLANG_WARN_UNREACHABLE_CODE = YES;
				CLANG_WARN__DUPLICATE_METHOD_MATCH = YES;
				COPY_PHASE_STRIP = NO;
				DEBUG_INFORMATION_FORMAT = dwarf;
				ENABLE_STRICT_OBJC_MSGSEND = YES;
				ENABLE_TESTABILITY = YES;
				GCC_C_LANGUAGE_STANDARD = gnu11;
				GCC_DYNAMIC_NO_PIC = NO;
				GCC_NO_COMMON_BLOCKS = YES;
				GCC_OPTIMIZATION_LEVEL = 0;
				GCC_PREPROCESSOR_DEFINITIONS = (
					"DEBUG=1",
					"$(inherited)",
				);
				GCC_WARN_64_TO_32_BIT_CONVERSION = YES;
				GCC_WARN_ABOUT_RETURN_TYPE = YES_ERROR;
				GCC_WARN_UNDECLARED_SELECTOR = YES;
				GCC_WARN_UNINITIALIZED_AUTOS = YES_AGGRESSIVE;
				GCC_WARN_UNUSED_FUNCTION = YES;
				GCC_WARN_UNUSED_VARIABLE = YES;
				IPHONEOS_DEPLOYMENT_TARGET = 16.4;
				MTL_ENABLE_DEBUG_INFO = INCLUDE_SOURCE;
				MTL_FAST_MATH = YES;
				ONLY_ACTIVE_ARCH = YES;
				SDKROOT = iphoneos;
				SWIFT_ACTIVE_COMPILATION_CONDITIONS = DEBUG;
				SWIFT_OPTIMIZATION_LEVEL = "-Onone";
			};
			name = Debug;
		};
		C3C119F02AB98DAE0061CC11 /* Release */ = {
			isa = XCBuildConfiguration;
			buildSettings = {
				ALWAYS_SEARCH_USER_PATHS = NO;
				CLANG_ANALYZER_NONNULL = YES;
				CLANG_ANALYZER_NUMBER_OBJECT_CONVERSION = YES_AGGRESSIVE;
				CLANG_CXX_LANGUAGE_STANDARD = "gnu++20";
				CLANG_ENABLE_MODULES = YES;
				CLANG_ENABLE_OBJC_ARC = YES;
				CLANG_ENABLE_OBJC_WEAK = YES;
				CLANG_WARN_BLOCK_CAPTURE_AUTORELEASING = YES;
				CLANG_WARN_BOOL_CONVERSION = YES;
				CLANG_WARN_COMMA = YES;
				CLANG_WARN_CONSTANT_CONVERSION = YES;
				CLANG_WARN_DEPRECATED_OBJC_IMPLEMENTATIONS = YES;
				CLANG_WARN_DIRECT_OBJC_ISA_USAGE = YES_ERROR;
				CLANG_WARN_DOCUMENTATION_COMMENTS = YES;
				CLANG_WARN_EMPTY_BODY = YES;
				CLANG_WARN_ENUM_CONVERSION = YES;
				CLANG_WARN_INFINITE_RECURSION = YES;
				CLANG_WARN_INT_CONVERSION = YES;
				CLANG_WARN_NON_LITERAL_NULL_CONVERSION = YES;
				CLANG_WARN_OBJC_IMPLICIT_RETAIN_SELF = YES;
				CLANG_WARN_OBJC_LITERAL_CONVERSION = YES;
				CLANG_WARN_OBJC_ROOT_CLASS = YES_ERROR;
				CLANG_WARN_QUOTED_INCLUDE_IN_FRAMEWORK_HEADER = YES;
				CLANG_WARN_RANGE_LOOP_ANALYSIS = YES;
				CLANG_WARN_STRICT_PROTOTYPES = YES;
				CLANG_WARN_SUSPICIOUS_MOVE = YES;
				CLANG_WARN_UNGUARDED_AVAILABILITY = YES_AGGRESSIVE;
				CLANG_WARN_UNREACHABLE_CODE = YES;
				CLANG_WARN__DUPLICATE_METHOD_MATCH = YES;
				COPY_PHASE_STRIP = NO;
				DEBUG_INFORMATION_FORMAT = "dwarf-with-dsym";
				ENABLE_NS_ASSERTIONS = NO;
				ENABLE_STRICT_OBJC_MSGSEND = YES;
				GCC_C_LANGUAGE_STANDARD = gnu11;
				GCC_NO_COMMON_BLOCKS = YES;
				GCC_WARN_64_TO_32_BIT_CONVERSION = YES;
				GCC_WARN_ABOUT_RETURN_TYPE = YES_ERROR;
				GCC_WARN_UNDECLARED_SELECTOR = YES;
				GCC_WARN_UNINITIALIZED_AUTOS = YES_AGGRESSIVE;
				GCC_WARN_UNUSED_FUNCTION = YES;
				GCC_WARN_UNUSED_VARIABLE = YES;
				IPHONEOS_DEPLOYMENT_TARGET = 16.4;
				MTL_ENABLE_DEBUG_INFO = NO;
				MTL_FAST_MATH = YES;
				SDKROOT = iphoneos;
				SWIFT_COMPILATION_MODE = wholemodule;
				SWIFT_OPTIMIZATION_LEVEL = "-O";
				VALIDATE_PRODUCT = YES;
			};
			name = Release;
		};
		C3C119F22AB98DAE0061CC11 /* Debug */ = {
			isa = XCBuildConfiguration;
			buildSettings = {
				ASSETCATALOG_COMPILER_APPICON_NAME = AppIcon;
				ASSETCATALOG_COMPILER_GLOBAL_ACCENT_COLOR_NAME = AccentColor;
				CODE_SIGN_STYLE = Automatic;
				CURRENT_PROJECT_VERSION = 1;
				DEVELOPMENT_ASSET_PATHS = "\"MG_Vraisponsable/Preview Content\"";
				ENABLE_PREVIEWS = YES;
				GENERATE_INFOPLIST_FILE = YES;
				INFOPLIST_KEY_UIApplicationSceneManifest_Generation = YES;
				INFOPLIST_KEY_UIApplicationSupportsIndirectInputEvents = YES;
				INFOPLIST_KEY_UILaunchScreen_Generation = YES;
				INFOPLIST_KEY_UILaunchStoryboardName = l;
				INFOPLIST_KEY_UISupportedInterfaceOrientations_iPad = "UIInterfaceOrientationPortrait UIInterfaceOrientationPortraitUpsideDown UIInterfaceOrientationLandscapeLeft UIInterfaceOrientationLandscapeRight";
				INFOPLIST_KEY_UISupportedInterfaceOrientations_iPhone = "UIInterfaceOrientationPortrait UIInterfaceOrientationLandscapeLeft UIInterfaceOrientationLandscapeRight";
				LD_RUNPATH_SEARCH_PATHS = (
					"$(inherited)",
					"@executable_path/Frameworks",
				);
				MARKETING_VERSION = 1.0;
				PRODUCT_BUNDLE_IDENTIFIER = "com.apptest.MG-Vraisponsable-19-09";
				PRODUCT_NAME = "$(TARGET_NAME)";
				SWIFT_EMIT_LOC_STRINGS = YES;
				SWIFT_VERSION = 5.0;
				TARGETED_DEVICE_FAMILY = "1,2";
			};
			name = Debug;
		};
		C3C119F32AB98DAE0061CC11 /* Release */ = {
			isa = XCBuildConfiguration;
			buildSettings = {
				ASSETCATALOG_COMPILER_APPICON_NAME = AppIcon;
				ASSETCATALOG_COMPILER_GLOBAL_ACCENT_COLOR_NAME = AccentColor;
				CODE_SIGN_STYLE = Automatic;
				CURRENT_PROJECT_VERSION = 1;
				DEVELOPMENT_ASSET_PATHS = "\"MG_Vraisponsable/Preview Content\"";
				ENABLE_PREVIEWS = YES;
				GENERATE_INFOPLIST_FILE = YES;
				INFOPLIST_KEY_UIApplicationSceneManifest_Generation = YES;
				INFOPLIST_KEY_UIApplicationSupportsIndirectInputEvents = YES;
				INFOPLIST_KEY_UILaunchScreen_Generation = YES;
				INFOPLIST_KEY_UILaunchStoryboardName = l;
				INFOPLIST_KEY_UISupportedInterfaceOrientations_iPad = "UIInterfaceOrientationPortrait UIInterfaceOrientationPortraitUpsideDown UIInterfaceOrientationLandscapeLeft UIInterfaceOrientationLandscapeRight";
				INFOPLIST_KEY_UISupportedInterfaceOrientations_iPhone = "UIInterfaceOrientationPortrait UIInterfaceOrientationLandscapeLeft UIInterfaceOrientationLandscapeRight";
				LD_RUNPATH_SEARCH_PATHS = (
					"$(inherited)",
					"@executable_path/Frameworks",
				);
				MARKETING_VERSION = 1.0;
				PRODUCT_BUNDLE_IDENTIFIER = "com.apptest.MG-Vraisponsable-19-09";
				PRODUCT_NAME = "$(TARGET_NAME)";
				SWIFT_EMIT_LOC_STRINGS = YES;
				SWIFT_VERSION = 5.0;
				TARGETED_DEVICE_FAMILY = "1,2";
			};
			name = Release;
		};
/* End XCBuildConfiguration section */

/* Begin XCConfigurationList section */
		C3C119DE2AB98DAC0061CC11 /* Build configuration list for PBXProject "MG_Vraisponsable" */ = {
			isa = XCConfigurationList;
			buildConfigurations = (
				C3C119EF2AB98DAE0061CC11 /* Debug */,
				C3C119F02AB98DAE0061CC11 /* Release */,
			);
			defaultConfigurationIsVisible = 0;
			defaultConfigurationName = Release;
		};
		C3C119F12AB98DAE0061CC11 /* Build configuration list for PBXNativeTarget "MG_Vraisponsable" */ = {
			isa = XCConfigurationList;
			buildConfigurations = (
				C3C119F22AB98DAE0061CC11 /* Debug */,
				C3C119F32AB98DAE0061CC11 /* Release */,
			);
			defaultConfigurationIsVisible = 0;
			defaultConfigurationName = Release;
		};
/* End XCConfigurationList section */
	};
	rootObject = C3C119DB2AB98DAC0061CC11 /* Project object */;
}
